
Microsoft Visual Studio Solution File, Format Version 12.00
# Visual Studio Version 17
VisualStudioVersion = 17.0.31919.166
MinimumVisualStudioVersion = 10.0.40219.1
Project("{FAE04EC0-301F-11D3-BF4B-00C04F79EFBC}") = "TorrentClient", "TorrentClient\TorrentClient.csproj", "{19426F88-3A5A-4D88-8E97-5562B01DD18A}"
EndProject
Global
	GlobalSection(SolutionConfigurationPlatforms) = preSolution
		Debug|Any CPU = Debug|Any CPU
		Release|Any CPU = Release|Any CPU
	EndGlobalSection
	GlobalSection(ProjectConfigurationPlatforms) = postSolution
		{19426F88-3A5A-4D88-8E97-5562B01DD18A}.Debug|Any CPU.ActiveCfg = Debug|Any CPU
		{19426F88-3A5A-4D88-8E97-5562B01DD18A}.Debug|Any CPU.Build.0 = Debug|Any CPU
		{19426F88-3A5A-4D88-8E97-5562B01DD18A}.Release|Any CPU.ActiveCfg = Release|Any CPU
		{19426F88-3A5A-4D88-8E97-5562B01DD18A}.Release|Any CPU.Build.0 = Release|Any CPU
	EndGlobalSection
	GlobalSection(SolutionProperties) = preSolution
		HideSolutionNode = FALSE
	EndGlobalSection
	GlobalSection(ExtensibilityGlobals) = postSolution
		SolutionGuid = {48E5F16D-D295-4A16-9B23-7A77CA39DC07}
	EndGlobalSection
EndGlobal
